
Microsoft Visual Studio Solution File, Format Version 12.00
# Visual Studio Version 17
VisualStudioVersion = 17.7.34031.279
MinimumVisualStudioVersion = 10.0.40219.1
Project("{FAE04EC0-301F-11D3-BF4B-00C04F79EFBC}") = "ConsoleAppModule04", "ConsoleAppModule04.csproj", "{141AF88D-9742-4D38-8AB9-D43872B10106}"
EndProject
Global
	GlobalSection(SolutionConfigurationPlatforms) = preSolution
		Debug|Any CPU = Debug|Any CPU
		Release|Any CPU = Release|Any CPU
	EndGlobalSection
	GlobalSection(ProjectConfigurationPlatforms) = postSolution
		{141AF88D-9742-4D38-8AB9-D43872B10106}.Debug|Any CPU.ActiveCfg = Debug|Any CPU
		{141AF88D-9742-4D38-8AB9-D43872B10106}.Debug|Any CPU.Build.0 = Debug|Any CPU
		{141AF88D-9742-4D38-8AB9-D43872B10106}.Release|Any CPU.ActiveCfg = Release|Any CPU
		{141AF88D-9742-4D38-8AB9-D43872B10106}.Release|Any CPU.Build.0 = Release|Any CPU
	EndGlobalSection
	GlobalSection(SolutionProperties) = preSolution
		HideSolutionNode = FALSE
	EndGlobalSection
	GlobalSection(ExtensibilityGlobals) = postSolution
		SolutionGuid = {64314F3C-9ED9-4701-A47F-10CFC8CF0B40}
	EndGlobalSection
EndGlobal
