
Microsoft Visual Studio Solution File, Format Version 12.00
# Visual Studio Version 17
VisualStudioVersion = 17.7.34221.43
MinimumVisualStudioVersion = 10.0.40219.1
Project("{FAE04EC0-301F-11D3-BF4B-00C04F79EFBC}") = "Modul16.ConsoleApp", "Modul16.ConsoleApp\Modul16.ConsoleApp.csproj", "{D3E3E1B4-AE4A-4D4B-B8D8-6A0AAA539D9A}"
EndProject
Global
	GlobalSection(SolutionConfigurationPlatforms) = preSolution
		Debug|Any CPU = Debug|Any CPU
		Release|Any CPU = Release|Any CPU
	EndGlobalSection
	GlobalSection(ProjectConfigurationPlatforms) = postSolution
		{D3E3E1B4-AE4A-4D4B-B8D8-6A0AAA539D9A}.Debug|Any CPU.ActiveCfg = Debug|Any CPU
		{D3E3E1B4-AE4A-4D4B-B8D8-6A0AAA539D9A}.Debug|Any CPU.Build.0 = Debug|Any CPU
		{D3E3E1B4-AE4A-4D4B-B8D8-6A0AAA539D9A}.Release|Any CPU.ActiveCfg = Release|Any CPU
		{D3E3E1B4-AE4A-4D4B-B8D8-6A0AAA539D9A}.Release|Any CPU.Build.0 = Release|Any CPU
	EndGlobalSection
	GlobalSection(SolutionProperties) = preSolution
		HideSolutionNode = FALSE
	EndGlobalSection
	GlobalSection(ExtensibilityGlobals) = postSolution
		SolutionGuid = {BCB2DA91-70D8-4966-BB80-7D9A5812EB29}
	EndGlobalSection
EndGlobal
