
Microsoft Visual Studio Solution File, Format Version 12.00
# Visual Studio Version 17
VisualStudioVersion = 17.7.34221.43
MinimumVisualStudioVersion = 10.0.40219.1
Project("{FAE04EC0-301F-11D3-BF4B-00C04F79EFBC}") = "Module14.ConsoleApp", "Module14.ConsoleApp\Module14.ConsoleApp.csproj", "{CE5B8597-6764-421C-B765-EBE8CE3A96E3}"
EndProject
Project("{FAE04EC0-301F-11D3-BF4B-00C04F79EFBC}") = "ClassLibrary.Module14", "ClassLibrary.Module14\ClassLibrary.Module14.csproj", "{B4B4E6C5-A024-4EBC-8A1E-25A6EDC2E1EA}"
EndProject
Global
	GlobalSection(SolutionConfigurationPlatforms) = preSolution
		Debug|Any CPU = Debug|Any CPU
		Release|Any CPU = Release|Any CPU
	EndGlobalSection
	GlobalSection(ProjectConfigurationPlatforms) = postSolution
		{CE5B8597-6764-421C-B765-EBE8CE3A96E3}.Debug|Any CPU.ActiveCfg = Debug|Any CPU
		{CE5B8597-6764-421C-B765-EBE8CE3A96E3}.Debug|Any CPU.Build.0 = Debug|Any CPU
		{CE5B8597-6764-421C-B765-EBE8CE3A96E3}.Release|Any CPU.ActiveCfg = Release|Any CPU
		{CE5B8597-6764-421C-B765-EBE8CE3A96E3}.Release|Any CPU.Build.0 = Release|Any CPU
		{B4B4E6C5-A024-4EBC-8A1E-25A6EDC2E1EA}.Debug|Any CPU.ActiveCfg = Debug|Any CPU
		{B4B4E6C5-A024-4EBC-8A1E-25A6EDC2E1EA}.Debug|Any CPU.Build.0 = Debug|Any CPU
		{B4B4E6C5-A024-4EBC-8A1E-25A6EDC2E1EA}.Release|Any CPU.ActiveCfg = Release|Any CPU
		{B4B4E6C5-A024-4EBC-8A1E-25A6EDC2E1EA}.Release|Any CPU.Build.0 = Release|Any CPU
	EndGlobalSection
	GlobalSection(SolutionProperties) = preSolution
		HideSolutionNode = FALSE
	EndGlobalSection
	GlobalSection(ExtensibilityGlobals) = postSolution
		SolutionGuid = {C5557AE6-8DF2-469C-A912-7E407D254B7A}
	EndGlobalSection
EndGlobal
