
Microsoft Visual Studio Solution File, Format Version 12.00
# Visual Studio Version 17
VisualStudioVersion = 17.7.34221.43
MinimumVisualStudioVersion = 10.0.40219.1
Project("{FAE04EC0-301F-11D3-BF4B-00C04F79EFBC}") = "Module13.ConsoleApp", "Module13.ConsoleApp\Module13.ConsoleApp.csproj", "{8FB1CD6A-8B8B-4F9B-BAD4-4295813DFFDD}"
EndProject
Project("{FAE04EC0-301F-11D3-BF4B-00C04F79EFBC}") = "Module13.ClassLibrary", "Module13.ClassLibrary\Module13.ClassLibrary.csproj", "{F2C4738B-5491-4EAE-9BA3-5CA8B6206CA5}"
EndProject
Global
	GlobalSection(SolutionConfigurationPlatforms) = preSolution
		Debug|Any CPU = Debug|Any CPU
		Release|Any CPU = Release|Any CPU
	EndGlobalSection
	GlobalSection(ProjectConfigurationPlatforms) = postSolution
		{8FB1CD6A-8B8B-4F9B-BAD4-4295813DFFDD}.Debug|Any CPU.ActiveCfg = Debug|Any CPU
		{8FB1CD6A-8B8B-4F9B-BAD4-4295813DFFDD}.Debug|Any CPU.Build.0 = Debug|Any CPU
		{8FB1CD6A-8B8B-4F9B-BAD4-4295813DFFDD}.Release|Any CPU.ActiveCfg = Release|Any CPU
		{8FB1CD6A-8B8B-4F9B-BAD4-4295813DFFDD}.Release|Any CPU.Build.0 = Release|Any CPU
		{F2C4738B-5491-4EAE-9BA3-5CA8B6206CA5}.Debug|Any CPU.ActiveCfg = Debug|Any CPU
		{F2C4738B-5491-4EAE-9BA3-5CA8B6206CA5}.Debug|Any CPU.Build.0 = Debug|Any CPU
		{F2C4738B-5491-4EAE-9BA3-5CA8B6206CA5}.Release|Any CPU.ActiveCfg = Release|Any CPU
		{F2C4738B-5491-4EAE-9BA3-5CA8B6206CA5}.Release|Any CPU.Build.0 = Release|Any CPU
	EndGlobalSection
	GlobalSection(SolutionProperties) = preSolution
		HideSolutionNode = FALSE
	EndGlobalSection
	GlobalSection(ExtensibilityGlobals) = postSolution
		SolutionGuid = {155804A0-6F8B-4F84-A610-AA0A60BC514F}
	EndGlobalSection
EndGlobal
