
Microsoft Visual Studio Solution File, Format Version 12.00
# Visual Studio Version 17
VisualStudioVersion = 17.7.34031.279
MinimumVisualStudioVersion = 10.0.40219.1
Project("{FAE04EC0-301F-11D3-BF4B-00C04F79EFBC}") = "ConsoleAppModule02", "ConsoleAppModule02.csproj", "{B2021C75-7D0F-4DB4-89BC-D3FAF96BA12B}"
EndProject
Global
	GlobalSection(SolutionConfigurationPlatforms) = preSolution
		Debug|Any CPU = Debug|Any CPU
		Release|Any CPU = Release|Any CPU
	EndGlobalSection
	GlobalSection(ProjectConfigurationPlatforms) = postSolution
		{B2021C75-7D0F-4DB4-89BC-D3FAF96BA12B}.Debug|Any CPU.ActiveCfg = Debug|Any CPU
		{B2021C75-7D0F-4DB4-89BC-D3FAF96BA12B}.Debug|Any CPU.Build.0 = Debug|Any CPU
		{B2021C75-7D0F-4DB4-89BC-D3FAF96BA12B}.Release|Any CPU.ActiveCfg = Release|Any CPU
		{B2021C75-7D0F-4DB4-89BC-D3FAF96BA12B}.Release|Any CPU.Build.0 = Release|Any CPU
	EndGlobalSection
	GlobalSection(SolutionProperties) = preSolution
		HideSolutionNode = FALSE
	EndGlobalSection
	GlobalSection(ExtensibilityGlobals) = postSolution
		SolutionGuid = {66FB3886-D413-4EF7-85A0-31C01E09708A}
	EndGlobalSection
EndGlobal
