
Microsoft Visual Studio Solution File, Format Version 12.00
# Visual Studio Version 17
VisualStudioVersion = 17.7.34031.279
MinimumVisualStudioVersion = 10.0.40219.1
Project("{FAE04EC0-301F-11D3-BF4B-00C04F79EFBC}") = "Satbayev.DAL", "Satbayev.DAL.csproj", "{882EC9A3-8824-427D-ADEE-6DE7A8D23BB0}"
EndProject
Global
	GlobalSection(SolutionConfigurationPlatforms) = preSolution
		Debug|Any CPU = Debug|Any CPU
		Release|Any CPU = Release|Any CPU
	EndGlobalSection
	GlobalSection(ProjectConfigurationPlatforms) = postSolution
		{882EC9A3-8824-427D-ADEE-6DE7A8D23BB0}.Debug|Any CPU.ActiveCfg = Debug|Any CPU
		{882EC9A3-8824-427D-ADEE-6DE7A8D23BB0}.Debug|Any CPU.Build.0 = Debug|Any CPU
		{882EC9A3-8824-427D-ADEE-6DE7A8D23BB0}.Release|Any CPU.ActiveCfg = Release|Any CPU
		{882EC9A3-8824-427D-ADEE-6DE7A8D23BB0}.Release|Any CPU.Build.0 = Release|Any CPU
	EndGlobalSection
	GlobalSection(SolutionProperties) = preSolution
		HideSolutionNode = FALSE
	EndGlobalSection
	GlobalSection(ExtensibilityGlobals) = postSolution
		SolutionGuid = {94549212-78EE-4072-80A7-5148CFB32997}
	EndGlobalSection
EndGlobal
