
Microsoft Visual Studio Solution File, Format Version 12.00
# Visual Studio Version 17
VisualStudioVersion = 17.7.34221.43
MinimumVisualStudioVersion = 10.0.40219.1
Project("{FAE04EC0-301F-11D3-BF4B-00C04F79EFBC}") = "Module15.ConsoleApp", "Module15.ConsoleApp\Module15.ConsoleApp.csproj", "{37FB79B8-DC9B-412F-994E-326FDE0B6586}"
EndProject
Global
	GlobalSection(SolutionConfigurationPlatforms) = preSolution
		Debug|Any CPU = Debug|Any CPU
		Release|Any CPU = Release|Any CPU
	EndGlobalSection
	GlobalSection(ProjectConfigurationPlatforms) = postSolution
		{37FB79B8-DC9B-412F-994E-326FDE0B6586}.Debug|Any CPU.ActiveCfg = Debug|Any CPU
		{37FB79B8-DC9B-412F-994E-326FDE0B6586}.Debug|Any CPU.Build.0 = Debug|Any CPU
		{37FB79B8-DC9B-412F-994E-326FDE0B6586}.Release|Any CPU.ActiveCfg = Release|Any CPU
		{37FB79B8-DC9B-412F-994E-326FDE0B6586}.Release|Any CPU.Build.0 = Release|Any CPU
	EndGlobalSection
	GlobalSection(SolutionProperties) = preSolution
		HideSolutionNode = FALSE
	EndGlobalSection
	GlobalSection(ExtensibilityGlobals) = postSolution
		SolutionGuid = {B436FE81-AB4A-4280-AF1B-0A631554CAAE}
	EndGlobalSection
EndGlobal
