
Microsoft Visual Studio Solution File, Format Version 12.00
# Visual Studio Version 17
VisualStudioVersion = 17.7.34221.43
MinimumVisualStudioVersion = 10.0.40219.1
Project("{FAE04EC0-301F-11D3-BF4B-00C04F79EFBC}") = "Module09", "Module09\Module09.csproj", "{7BA61BCB-4BAB-4432-8A5A-16D2AC67A34D}"
EndProject
Project("{FAE04EC0-301F-11D3-BF4B-00C04F79EFBC}") = "Module09.ConsoleApp", "Module09.ConsoleApp\Module09.ConsoleApp.csproj", "{F61DB62F-75EA-4917-B01E-CBB8E8907E08}"
EndProject
Global
	GlobalSection(SolutionConfigurationPlatforms) = preSolution
		Debug|Any CPU = Debug|Any CPU
		Release|Any CPU = Release|Any CPU
	EndGlobalSection
	GlobalSection(ProjectConfigurationPlatforms) = postSolution
		{7BA61BCB-4BAB-4432-8A5A-16D2AC67A34D}.Debug|Any CPU.ActiveCfg = Debug|Any CPU
		{7BA61BCB-4BAB-4432-8A5A-16D2AC67A34D}.Debug|Any CPU.Build.0 = Debug|Any CPU
		{7BA61BCB-4BAB-4432-8A5A-16D2AC67A34D}.Release|Any CPU.ActiveCfg = Release|Any CPU
		{7BA61BCB-4BAB-4432-8A5A-16D2AC67A34D}.Release|Any CPU.Build.0 = Release|Any CPU
		{F61DB62F-75EA-4917-B01E-CBB8E8907E08}.Debug|Any CPU.ActiveCfg = Debug|Any CPU
		{F61DB62F-75EA-4917-B01E-CBB8E8907E08}.Debug|Any CPU.Build.0 = Debug|Any CPU
		{F61DB62F-75EA-4917-B01E-CBB8E8907E08}.Release|Any CPU.ActiveCfg = Release|Any CPU
		{F61DB62F-75EA-4917-B01E-CBB8E8907E08}.Release|Any CPU.Build.0 = Release|Any CPU
	EndGlobalSection
	GlobalSection(SolutionProperties) = preSolution
		HideSolutionNode = FALSE
	EndGlobalSection
	GlobalSection(ExtensibilityGlobals) = postSolution
		SolutionGuid = {052F1330-671E-4061-AF73-D7D8148ED7EF}
	EndGlobalSection
EndGlobal
